
Microsoft Visual Studio Solution File, Format Version 12.00
# Visual Studio Version 17
VisualStudioVersion = 17.13.35913.81 d17.13
MinimumVisualStudioVersion = 10.0.40219.1
Project("{FAE04EC0-301F-11D3-BF4B-00C04F79EFBC}") = "Necrotroph_Eksamensprojekt", "Necrotroph_Eksamensprojekt\Necrotroph_Eksamensprojekt.csproj", "{F58F2FAB-74EC-4392-A74B-87018404055B}"
EndProject
Global
	GlobalSection(SolutionConfigurationPlatforms) = preSolution
		Debug|Any CPU = Debug|Any CPU
		Release|Any CPU = Release|Any CPU
	EndGlobalSection
	GlobalSection(ProjectConfigurationPlatforms) = postSolution
		{F58F2FAB-74EC-4392-A74B-87018404055B}.Debug|Any CPU.ActiveCfg = Debug|Any CPU
		{F58F2FAB-74EC-4392-A74B-87018404055B}.Debug|Any CPU.Build.0 = Debug|Any CPU
		{F58F2FAB-74EC-4392-A74B-87018404055B}.Release|Any CPU.ActiveCfg = Release|Any CPU
		{F58F2FAB-74EC-4392-A74B-87018404055B}.Release|Any CPU.Build.0 = Release|Any CPU
	EndGlobalSection
	GlobalSection(SolutionProperties) = preSolution
		HideSolutionNode = FALSE
	EndGlobalSection
	GlobalSection(ExtensibilityGlobals) = postSolution
		SolutionGuid = {440D6A3E-9969-4E38-AF97-8FB12B127EA7}
	EndGlobalSection
EndGlobal
