
Microsoft Visual Studio Solution File, Format Version 12.00
# Visual Studio Version 17
VisualStudioVersion = 17.13.35913.81
MinimumVisualStudioVersion = 10.0.40219.1
Project("{9A19103F-16F7-4668-BE54-9A1E7A4F7556}") = "Necrotroph_Eksamensprojekt", "Necrotroph_Eksamensprojekt\Necrotroph_Eksamensprojekt.csproj", "{F58F2FAB-74EC-4392-A74B-87018404055B}"
EndProject
Project("{9A19103F-16F7-4668-BE54-9A1E7A4F7556}") = "UnitTester", "..\UnitTester\UnitTester.csproj", "{7979C474-5FBD-49B0-BD2C-80907F8751F9}"
EndProject
Global
	GlobalSection(SolutionConfigurationPlatforms) = preSolution
		Debug|Any CPU = Debug|Any CPU
		Release|Any CPU = Release|Any CPU
	EndGlobalSection
	GlobalSection(ProjectConfigurationPlatforms) = postSolution
		{F58F2FAB-74EC-4392-A74B-87018404055B}.Debug|Any CPU.ActiveCfg = Debug|Any CPU
		{F58F2FAB-74EC-4392-A74B-87018404055B}.Debug|Any CPU.Build.0 = Debug|Any CPU
		{F58F2FAB-74EC-4392-A74B-87018404055B}.Release|Any CPU.ActiveCfg = Release|Any CPU
		{F58F2FAB-74EC-4392-A74B-87018404055B}.Release|Any CPU.Build.0 = Release|Any CPU
		{7979C474-5FBD-49B0-BD2C-80907F8751F9}.Debug|Any CPU.ActiveCfg = Debug|Any CPU
		{7979C474-5FBD-49B0-BD2C-80907F8751F9}.Debug|Any CPU.Build.0 = Debug|Any CPU
		{7979C474-5FBD-49B0-BD2C-80907F8751F9}.Release|Any CPU.ActiveCfg = Release|Any CPU
		{7979C474-5FBD-49B0-BD2C-80907F8751F9}.Release|Any CPU.Build.0 = Release|Any CPU
	EndGlobalSection
	GlobalSection(SolutionProperties) = preSolution
		HideSolutionNode = FALSE
	EndGlobalSection
	GlobalSection(ExtensibilityGlobals) = postSolution
		SolutionGuid = {440D6A3E-9969-4E38-AF97-8FB12B127EA7}
	EndGlobalSection
EndGlobal
